// !$*UTF8*$!
{
	archiveVersion = 1;
	classes = {
	};
	objectVersion = 46;
	objects = {

/* Begin PBXBuildFile section */
		94FAAAF61D58D43100D3900C /* SettingsViewController.swift in Sources */ = {isa = PBXBuildFile; fileRef = 94FAAAF51D58D43100D3900C /* SettingsViewController.swift */; };
		94FBE8B61D57C2B60028D6D4 /* AppDelegate.swift in Sources */ = {isa = PBXBuildFile; fileRef = 94FBE8B51D57C2B60028D6D4 /* AppDelegate.swift */; };
		94FBE8B81D57C2B60028D6D4 /* ViewController.swift in Sources */ = {isa = PBXBuildFile; fileRef = 94FBE8B71D57C2B60028D6D4 /* ViewController.swift */; };
		94FBE8BB1D57C2B60028D6D4 /* Main.storyboard in Resources */ = {isa = PBXBuildFile; fileRef = 94FBE8B91D57C2B60028D6D4 /* Main.storyboard */; };
		94FBE8BD1D57C2B60028D6D4 /* Assets.xcassets in Resources */ = {isa = PBXBuildFile; fileRef = 94FBE8BC1D57C2B60028D6D4 /* Assets.xcassets */; };
		94FBE8C01D57C2B60028D6D4 /* LaunchScreen.storyboard in Resources */ = {isa = PBXBuildFile; fileRef = 94FBE8BE1D57C2B60028D6D4 /* LaunchScreen.storyboard */; };
/* End PBXBuildFile section */

/* Begin PBXFileReference section */
		94FAAAF51D58D43100D3900C /* SettingsViewController.swift */ = {isa = PBXFileReference; fileEncoding = 4; lastKnownFileType = sourcecode.swift; path = SettingsViewController.swift; sourceTree = "<group>"; };
		94FBE8B21D57C2B50028D6D4 /* Tipster.app */ = {isa = PBXFileReference; explicitFileType = wrapper.application; includeInIndex = 0; path = Tipster.app; sourceTree = BUILT_PRODUCTS_DIR; };
		94FBE8B51D57C2B60028D6D4 /* AppDelegate.swift */ = {isa = PBXFileReference; lastKnownFileType = sourcecode.swift; path = AppDelegate.swift; sourceTree = "<group>"; };
		94FBE8B71D57C2B60028D6D4 /* ViewController.swift */ = {isa = PBXFileReference; lastKnownFileType = sourcecode.swift; path = ViewController.swift; sourceTree = "<group>"; };
		94FBE8BA1D57C2B60028D6D4 /* Base */ = {isa = PBXFileReference; lastKnownFileType = file.storyboard; name = Base; path = Base.lproj/Main.storyboard; sourceTree = "<group>"; };
		94FBE8BC1D57C2B60028D6D4 /* Assets.xcassets */ = {isa = PBXFileReference; lastKnownFileType = folder.assetcatalog; path = Assets.xcassets; sourceTree = "<group>"; };
		94FBE8BF1D57C2B60028D6D4 /* Base */ = {isa = PBXFileReference; lastKnownFileType = file.storyboard; name = Base; path = Base.lproj/LaunchScreen.storyboard; sourceTree = "<group>"; };
		94FBE8C11D57C2B60028D6D4 /* Info.plist */ = {isa = PBXFileReference; lastKnownFileType = text.plist.xml; path = Info.plist; sourceTree = "<group>"; };
/* End PBXFileReference section */

/* Begin PBXFrameworksBuildPhase section */
		94FBE8AF1D57C2B50028D6D4 /* Frameworks */ = {
			isa = PBXFrameworksBuildPhase;
			buildActionMask = 2147483647;
			files = (
			);
			runOnlyForDeploymentPostprocessing = 0;
		};
/* End PBXFrameworksBuildPhase section */

/* Begin PBXGroup section */
		94FBE8A91D57C2B50028D6D4 = {
			isa = PBXGroup;
			children = (
				94FBE8B41D57C2B60028D6D4 /* Tipster */,
				94FBE8B31D57C2B50028D6D4 /* Products */,
			);
			sourceTree = "<group>";
		};
		94FBE8B31D57C2B50028D6D4 /* Products */ = {
			isa = PBXGroup;
			children = (
				94FBE8B21D57C2B50028D6D4 /* Tipster.app */,
			);
			name = Products;
			sourceTree = "<group>";
		};
		94FBE8B41D57C2B60028D6D4 /* Tipster */ = {
			isa = PBXGroup;
			children = (
				94FBE8B51D57C2B60028D6D4 /* AppDelegate.swift */,
				94FBE8B71D57C2B60028D6D4 /* ViewController.swift */,
				94FBE8B91D57C2B60028D6D4 /* Main.storyboard */,
				94FAAAF51D58D43100D3900C /* SettingsViewController.swift */,
				94FBE8BC1D57C2B60028D6D4 /* Assets.xcassets */,
				94FBE8BE1D57C2B60028D6D4 /* LaunchScreen.storyboard */,
				94FBE8C11D57C2B60028D6D4 /* Info.plist */,
			);
			path = Tipster;
			sourceTree = "<group>";
		};
/* End PBXGroup section */

/* Begin PBXNativeTarget section */
		94FBE8B11D57C2B50028D6D4 /* Tipster */ = {
			isa = PBXNativeTarget;
			buildConfigurationList = 94FBE8C41D57C2B60028D6D4 /* Build configuration list for PBXNativeTarget "Tipster" */;
			buildPhases = (
				94FBE8AE1D57C2B50028D6D4 /* Sources */,
				94FBE8AF1D57C2B50028D6D4 /* Frameworks */,
				94FBE8B01D57C2B50028D6D4 /* Resources */,
			);
			buildRules = (
			);
			dependencies = (
			);
			name = Tipster;
			productName = Tipster;
			productReference = 94FBE8B21D57C2B50028D6D4 /* Tipster.app */;
			productType = "com.apple.product-type.application";
		};
/* End PBXNativeTarget section */

/* Begin PBXProject section */
		94FBE8AA1D57C2B50028D6D4 /* Project object */ = {
			isa = PBXProject;
			attributes = {
				LastSwiftUpdateCheck = 0730;
				LastUpgradeCheck = 0730;
				ORGANIZATIONNAME = "Lee Cooper";
				TargetAttributes = {
					94FBE8B11D57C2B50028D6D4 = {
						CreatedOnToolsVersion = 7.3.1;
					};
				};
			};
			buildConfigurationList = 94FBE8AD1D57C2B50028D6D4 /* Build configuration list for PBXProject "Tipster" */;
			compatibilityVersion = "Xcode 3.2";
			developmentRegion = English;
			hasScannedForEncodings = 0;
			knownRegions = (
				en,
				Base,
			);
			mainGroup = 94FBE8A91D57C2B50028D6D4;
			productRefGroup = 94FBE8B31D57C2B50028D6D4 /* Products */;
			projectDirPath = "";
			projectRoot = "";
			targets = (
				94FBE8B11D57C2B50028D6D4 /* Tipster */,
			);
		};
/* End PBXProject section */

/* Begin PBXResourcesBuildPhase section */
		94FBE8B01D57C2B50028D6D4 /* Resources */ = {
			isa = PBXResourcesBuildPhase;
			buildActionMask = 2147483647;
			files = (
				94FBE8C01D57C2B60028D6D4 /* LaunchScreen.storyboard in Resources */,
				94FBE8BD1D57C2B60028D6D4 /* Assets.xcassets in Resources */,
				94FBE8BB1D57C2B60028D6D4 /* Main.storyboard in Resources */,
			);
			runOnlyForDeploymentPostprocessing = 0;
		};
/* End PBXResourcesBuildPhase section */

/* Begin PBXSourcesBuildPhase section */
		94FBE8AE1D57C2B50028D6D4 /* Sources */ = {
			isa = PBXSourcesBuildPhase;
			buildActionMask = 2147483647;
			files = (
				94FBE8B81D57C2B60028D6D4 /* ViewController.swift in Sources */,
				94FBE8B61D57C2B60028D6D4 /* AppDelegate.swift in Sources */,
				94FAAAF61D58D43100D3900C /* SettingsViewController.swift in Sources */,
			);
			runOnlyForDeploymentPostprocessing = 0;
		};
/* End PBXSourcesBuildPhase section */

/* Begin PBXVariantGroup section */
		94FBE8B91D57C2B60028D6D4 /* Main.storyboard */ = {
			isa = PBXVariantGroup;
			children = (
				94FBE8BA1D57C2B60028D6D4 /* Base */,
			);
			name = Main.storyboard;
			sourceTree = "<group>";
		};
		94FBE8BE1D57C2B60028D6D4 /* LaunchScreen.storyboard */ = {
			isa = PBXVariantGroup;
			children = (
				94FBE8BF1D57C2B60028D6D4 /* Base */,
			);
			name = LaunchScreen.storyboard;
			sourceTree = "<group>";
		};
/* End PBXVariantGroup section */

/* Begin XCBuildConfiguration section */
		94FBE8C21D57C2B60028D6D4 /* Debug */ = {
			isa = XCBuildConfiguration;
			buildSettings = {
				ALWAYS_SEARCH_USER_PATHS = NO;
				CLANG_ANALYZER_NONNULL = YES;
				CLANG_CXX_LANGUAGE_STANDARD = "gnu++0x";
				CLANG_CXX_LIBRARY = "libc++";
				CLANG_ENABLE_MODULES = YES;
				CLANG_ENABLE_OBJC_ARC = YES;
				CLANG_WARN_BOOL_CONVERSION = YES;
				CLANG_WARN_CONSTANT_CONVERSION = YES;
				CLANG_WARN_DIRECT_OBJC_ISA_USAGE = YES_ERROR;
				CLANG_WARN_EMPTY_BODY = YES;
				CLANG_WARN_ENUM_CONVERSION = YES;
				CLANG_WARN_INT_CONVERSION = YES;
				CLANG_WARN_OBJC_ROOT_CLASS = YES_ERROR;
				CLANG_WARN_UNREACHABLE_CODE = YES;
				CLANG_WARN__DUPLICATE_METHOD_MATCH = YES;
				"CODE_SIGN_IDENTITY[sdk=iphoneos*]" = "iPhone Developer";
				COPY_PHASE_STRIP = NO;
				DEBUG_INFORMATION_FORMAT = dwarf;
				ENABLE_STRICT_OBJC_MSGSEND = YES;
				ENABLE_TESTABILITY = YES;
				GCC_C_LANGUAGE_STANDARD = gnu99;
				GCC_DYNAMIC_NO_PIC = NO;
				GCC_NO_COMMON_BLOCKS = YES;
				GCC_OPTIMIZATION_LEVEL = 0;
				GCC_PREPROCESSOR_DEFINITIONS = (
					"DEBUG=1",
					"$(inherited)",
				);
				GCC_WARN_64_TO_32_BIT_CONVERSION = YES;
				GCC_WARN_ABOUT_RETURN_TYPE = YES_ERROR;
				GCC_WARN_UNDECLARED_SELECTOR = YES;
				GCC_WARN_UNINITIALIZED_AUTOS = YES_AGGRESSIVE;
				GCC_WARN_UNUSED_FUNCTION = YES;
				GCC_WARN_UNUSED_VARIABLE = YES;
				IPHONEOS_DEPLOYMENT_TARGET = 9.3;
				MTL_ENABLE_DEBUG_INFO = YES;
				ONLY_ACTIVE_ARCH = YES;
				SDKROOT = iphoneos;
				SWIFT_OPTIMIZATION_LEVEL = "-Onone";
			};
			name = Debug;
		};
		94FBE8C31D57C2B60028D6D4 /* Release */ = {
			isa = XCBuildConfiguration;
			buildSettings = {
				ALWAYS_SEARCH_USER_PATHS = NO;
				CLANG_ANALYZER_NONNULL = YES;
				CLANG_CXX_LANGUAGE_STANDARD = "gnu++0x";
				CLANG_CXX_LIBRARY = "libc++";
				CLANG_ENABLE_MODULES = YES;
				CLANG_ENABLE_OBJC_ARC = YES;
				CLANG_WARN_BOOL_CONVERSION = YES;
				CLANG_WARN_CONSTANT_CONVERSION = YES;
				CLANG_WARN_DIRECT_OBJC_ISA_USAGE = YES_ERROR;
				CLANG_WARN_EMPTY_BODY = YES;
				CLANG_WARN_ENUM_CONVERSION = YES;
				CLANG_WARN_INT_CONVERSION = YES;
				CLANG_WARN_OBJC_ROOT_CLASS = YES_ERROR;
				CLANG_WARN_UNREACHABLE_CODE = YES;
				CLANG_WARN__DUPLICATE_METHOD_MATCH = YES;
				"CODE_SIGN_IDENTITY[sdk=iphoneos*]" = "iPhone Developer";
				COPY_PHASE_STRIP = NO;
				DEBUG_INFORMATION_FORMAT = "dwarf-with-dsym";
				ENABLE_NS_ASSERTIONS = NO;
				ENABLE_STRICT_OBJC_MSGSEND = YES;
				GCC_C_LANGUAGE_STANDARD = gnu99;
				GCC_NO_COMMON_BLOCKS = YES;
				GCC_WARN_64_TO_32_BIT_CONVERSION = YES;
				GCC_WARN_ABOUT_RETURN_TYPE = YES_ERROR;
				GCC_WARN_UNDECLARED_SELECTOR = YES;
				GCC_WARN_UNINITIALIZED_AUTOS = YES_AGGRESSIVE;
				GCC_WARN_UNUSED_FUNCTION = YES;
				GCC_WARN_UNUSED_VARIABLE = YES;
				IPHONEOS_DEPLOYMENT_TARGET = 9.3;
				MTL_ENABLE_DEBUG_INFO = NO;
				SDKROOT = iphoneos;
				VALIDATE_PRODUCT = YES;
			};
			name = Release;
		};
		94FBE8C51D57C2B60028D6D4 /* Debug */ = {
			isa = XCBuildConfiguration;
			buildSettings = {
				ASSETCATALOG_COMPILER_APPICON_NAME = AppIcon;
				INFOPLIST_FILE = Tipster/Info.plist;
				LD_RUNPATH_SEARCH_PATHS = "$(inherited) @executable_path/Frameworks";
				PRODUCT_BUNDLE_IDENTIFIER = com.leecooperapps.Tipster;
				PRODUCT_NAME = "$(TARGET_NAME)";
			};
			name = Debug;
		};
		94FBE8C61D57C2B60028D6D4 /* Release */ = {
			isa = XCBuildConfiguration;
			buildSettings = {
				ASSETCATALOG_COMPILER_APPICON_NAME = AppIcon;
				INFOPLIST_FILE = Tipster/Info.plist;
				LD_RUNPATH_SEARCH_PATHS = "$(inherited) @executable_path/Frameworks";
				PRODUCT_BUNDLE_IDENTIFIER = com.leecooperapps.Tipster;
				PRODUCT_NAME = "$(TARGET_NAME)";
			};
			name = Release;
		};
/* End XCBuildConfiguration section */

/* Begin XCConfigurationList section */
		94FBE8AD1D57C2B50028D6D4 /* Build configuration list for PBXProject "Tipster" */ = {
			isa = XCConfigurationList;
			buildConfigurations = (
				94FBE8C21D57C2B60028D6D4 /* Debug */,
				94FBE8C31D57C2B60028D6D4 /* Release */,
			);
			defaultConfigurationIsVisible = 0;
			defaultConfigurationName = Release;
		};
		94FBE8C41D57C2B60028D6D4 /* Build configuration list for PBXNativeTarget "Tipster" */ = {
			isa = XCConfigurationList;
			buildConfigurations = (
				94FBE8C51D57C2B60028D6D4 /* Debug */,
				94FBE8C61D57C2B60028D6D4 /* Release */,
			);
			defaultConfigurationIsVisible = 0;
			defaultConfigurationName = Release;
		};
/* End XCConfigurationList section */
	};
	rootObject = 94FBE8AA1D57C2B50028D6D4 /* Project object */;
}
